// !$*UTF8*$!
{
	archiveVersion = 1;
	classes = {
	};
	objectVersion = 46;
	objects = {

/* Begin PBXBuildFile section */
		01E394F11CFFEF0600B81964 /* GoogleService-Info.plist in Resources */ = {isa = PBXBuildFile; fileRef = 01E394F01CFFEF0600B81964 /* GoogleService-Info.plist */; };
		01E394F21CFFEF0600B81964 /* GoogleService-Info.plist in Resources */ = {isa = PBXBuildFile; fileRef = 01E394F01CFFEF0600B81964 /* GoogleService-Info.plist */; };
		01E394F31CFFEF0600B81964 /* GoogleService-Info.plist in Resources */ = {isa = PBXBuildFile; fileRef = 01E394F01CFFEF0600B81964 /* GoogleService-Info.plist */; };
		01E394F51CFFEF2C00B81964 /* DB.swift in Sources */ = {isa = PBXBuildFile; fileRef = 01E394F41CFFEF2C00B81964 /* DB.swift */; };
		01E394F61CFFEF2C00B81964 /* DB.swift in Sources */ = {isa = PBXBuildFile; fileRef = 01E394F41CFFEF2C00B81964 /* DB.swift */; };
		01E394F71CFFEF2C00B81964 /* DB.swift in Sources */ = {isa = PBXBuildFile; fileRef = 01E394F41CFFEF2C00B81964 /* DB.swift */; };
		01E394F91CFFEF7500B81964 /* CoreLocation.framework in Frameworks */ = {isa = PBXBuildFile; fileRef = 01E394F81CFFEF7500B81964 /* CoreLocation.framework */; };
		0382EFA7A81C9D7200CDB05F /* Pods_GetRectTests.framework in Frameworks */ = {isa = PBXBuildFile; fileRef = 949CEB91BE431943BE252EAC /* Pods_GetRectTests.framework */; };
		2010303F1CF1A8BF00E25635 /* FeedViewController.swift in Sources */ = {isa = PBXBuildFile; fileRef = 2010303B1CF1A8BF00E25635 /* FeedViewController.swift */; };
		201030401CF1A8BF00E25635 /* PostViewController.swift in Sources */ = {isa = PBXBuildFile; fileRef = 2010303C1CF1A8BF00E25635 /* PostViewController.swift */; };
		201030411CF1A8BF00E25635 /* SettingsViewController.swift in Sources */ = {isa = PBXBuildFile; fileRef = 2010303D1CF1A8BF00E25635 /* SettingsViewController.swift */; };
		201030421CF1A8BF00E25635 /* ViewController.swift in Sources */ = {isa = PBXBuildFile; fileRef = 2010303E1CF1A8BF00E25635 /* ViewController.swift */; };
		201030961CF2E5F400E25635 /* FeedTableCell.swift in Sources */ = {isa = PBXBuildFile; fileRef = 201030951CF2E5F400E25635 /* FeedTableCell.swift */; };
		205450F01CF8FBDD003AF561 /* ResultsTableViewController.swift in Sources */ = {isa = PBXBuildFile; fileRef = 205450EF1CF8FBDD003AF561 /* ResultsTableViewController.swift */; };
		205451311CFD9292003AF561 /* TabBarViewController.swift in Sources */ = {isa = PBXBuildFile; fileRef = 205451301CFD9292003AF561 /* TabBarViewController.swift */; };
		209D61FE1CEF961600FDF372 /* Spotify.framework in Frameworks */ = {isa = PBXBuildFile; fileRef = 209D61FD1CEF961600FDF372 /* Spotify.framework */; };
		20A75D771CF79C43004FC557 /* PostTableCell.swift in Sources */ = {isa = PBXBuildFile; fileRef = 20A75D761CF79C43004FC557 /* PostTableCell.swift */; };
		20A75D791CF79E78004FC557 /* SpotifyAPIHandler.swift in Sources */ = {isa = PBXBuildFile; fileRef = 20A75D781CF79E78004FC557 /* SpotifyAPIHandler.swift */; };
		20AEAEEA1CFFEEFC0055FDE2 /* MapViewController.swift in Sources */ = {isa = PBXBuildFile; fileRef = 20AEAEE91CFFEEFC0055FDE2 /* MapViewController.swift */; };
		20ECC4171D001B4E002312FB /* Assets.xcassets in Resources */ = {isa = PBXBuildFile; fileRef = 20ECC4161D001B4E002312FB /* Assets.xcassets */; };
		43AAB4E57C3D698748E96A0F /* Pods_GetRect.framework in Frameworks */ = {isa = PBXBuildFile; fileRef = 1550F9B89BCB1FC28FD79408 /* Pods_GetRect.framework */; };
		9D5DFDE41CE5655800972699 /* AppDelegate.swift in Sources */ = {isa = PBXBuildFile; fileRef = 9D5DFDE31CE5655800972699 /* AppDelegate.swift */; };
		9D5DFDE91CE5655800972699 /* Main.storyboard in Resources */ = {isa = PBXBuildFile; fileRef = 9D5DFDE71CE5655800972699 /* Main.storyboard */; };
		9D5DFDEE1CE5655800972699 /* LaunchScreen.storyboard in Resources */ = {isa = PBXBuildFile; fileRef = 9D5DFDEC1CE5655800972699 /* LaunchScreen.storyboard */; };
		9D5DFDF91CE5655800972699 /* GetRectTests.swift in Sources */ = {isa = PBXBuildFile; fileRef = 9D5DFDF81CE5655800972699 /* GetRectTests.swift */; };
		9D5DFE041CE5655800972699 /* GetRectUITests.swift in Sources */ = {isa = PBXBuildFile; fileRef = 9D5DFE031CE5655800972699 /* GetRectUITests.swift */; };
		9D5DFE1A1CE5692800972699 /* AVFoundation.framework in Frameworks */ = {isa = PBXBuildFile; fileRef = 9D5DFE191CE5692800972699 /* AVFoundation.framework */; };
		E2FFFF641CFFB34200F02E15 /* Assets.xcassets in Resources */ = {isa = PBXBuildFile; fileRef = E2FFFF631CFFB34200F02E15 /* Assets.xcassets */; };
		E2FFFF881D00321900F02E15 /* MessageComposer.swift in Sources */ = {isa = PBXBuildFile; fileRef = E2FFFF871D00321900F02E15 /* MessageComposer.swift */; };
		ECCAE690E638014C6CCC04A2 /* Pods_GetRectUITests.framework in Frameworks */ = {isa = PBXBuildFile; fileRef = 6882B7665E869A7F96D21278 /* Pods_GetRectUITests.framework */; };
/* End PBXBuildFile section */

/* Begin PBXContainerItemProxy section */
		9D5DFDF51CE5655800972699 /* PBXContainerItemProxy */ = {
			isa = PBXContainerItemProxy;
			containerPortal = 9D5DFDD81CE5655800972699 /* Project object */;
			proxyType = 1;
			remoteGlobalIDString = 9D5DFDDF1CE5655800972699;
			remoteInfo = GetRect;
		};
		9D5DFE001CE5655800972699 /* PBXContainerItemProxy */ = {
			isa = PBXContainerItemProxy;
			containerPortal = 9D5DFDD81CE5655800972699 /* Project object */;
			proxyType = 1;
			remoteGlobalIDString = 9D5DFDDF1CE5655800972699;
			remoteInfo = GetRect;
		};
/* End PBXContainerItemProxy section */

/* Begin PBXFileReference section */
		01E394F01CFFEF0600B81964 /* GoogleService-Info.plist */ = {isa = PBXFileReference; fileEncoding = 4; lastKnownFileType = text.plist.xml; path = "GoogleService-Info.plist"; sourceTree = "<group>"; };
		01E394F41CFFEF2C00B81964 /* DB.swift */ = {isa = PBXFileReference; fileEncoding = 4; lastKnownFileType = sourcecode.swift; path = DB.swift; sourceTree = "<group>"; };
		01E394F81CFFEF7500B81964 /* CoreLocation.framework */ = {isa = PBXFileReference; lastKnownFileType = wrapper.framework; name = CoreLocation.framework; path = System/Library/Frameworks/CoreLocation.framework; sourceTree = SDKROOT; };
		1550F9B89BCB1FC28FD79408 /* Pods_GetRect.framework */ = {isa = PBXFileReference; explicitFileType = wrapper.framework; includeInIndex = 0; path = Pods_GetRect.framework; sourceTree = BUILT_PRODUCTS_DIR; };
		1F108B2567A2F1A0DDCE1A44 /* Pods-GetRect.debug.xcconfig */ = {isa = PBXFileReference; includeInIndex = 1; lastKnownFileType = text.xcconfig; name = "Pods-GetRect.debug.xcconfig"; path = "Pods/Target Support Files/Pods-GetRect/Pods-GetRect.debug.xcconfig"; sourceTree = "<group>"; };
		2010303B1CF1A8BF00E25635 /* FeedViewController.swift */ = {isa = PBXFileReference; fileEncoding = 4; lastKnownFileType = sourcecode.swift; path = FeedViewController.swift; sourceTree = "<group>"; };
		2010303C1CF1A8BF00E25635 /* PostViewController.swift */ = {isa = PBXFileReference; fileEncoding = 4; lastKnownFileType = sourcecode.swift; path = PostViewController.swift; sourceTree = "<group>"; };
		2010303D1CF1A8BF00E25635 /* SettingsViewController.swift */ = {isa = PBXFileReference; fileEncoding = 4; lastKnownFileType = sourcecode.swift; path = SettingsViewController.swift; sourceTree = "<group>"; };
		2010303E1CF1A8BF00E25635 /* ViewController.swift */ = {isa = PBXFileReference; fileEncoding = 4; lastKnownFileType = sourcecode.swift; path = ViewController.swift; sourceTree = "<group>"; };
		201030951CF2E5F400E25635 /* FeedTableCell.swift */ = {isa = PBXFileReference; fileEncoding = 4; lastKnownFileType = sourcecode.swift; path = FeedTableCell.swift; sourceTree = "<group>"; };
		205450EF1CF8FBDD003AF561 /* ResultsTableViewController.swift */ = {isa = PBXFileReference; fileEncoding = 4; lastKnownFileType = sourcecode.swift; path = ResultsTableViewController.swift; sourceTree = "<group>"; };
		205451301CFD9292003AF561 /* TabBarViewController.swift */ = {isa = PBXFileReference; fileEncoding = 4; lastKnownFileType = sourcecode.swift; path = TabBarViewController.swift; sourceTree = "<group>"; };
		206E84B01CEF7AD600F6260D /* GetRect-Bridging-Header.h */ = {isa = PBXFileReference; lastKnownFileType = sourcecode.c.h; path = "GetRect-Bridging-Header.h"; sourceTree = "<group>"; };
		209D61FD1CEF961600FDF372 /* Spotify.framework */ = {isa = PBXFileReference; lastKnownFileType = wrapper.framework; path = Spotify.framework; sourceTree = "<group>"; };
		20A75D761CF79C43004FC557 /* PostTableCell.swift */ = {isa = PBXFileReference; fileEncoding = 4; lastKnownFileType = sourcecode.swift; path = PostTableCell.swift; sourceTree = "<group>"; };
		20A75D781CF79E78004FC557 /* SpotifyAPIHandler.swift */ = {isa = PBXFileReference; fileEncoding = 4; lastKnownFileType = sourcecode.swift; path = SpotifyAPIHandler.swift; sourceTree = "<group>"; };
		20AEAEE51CFFEE230055FDE2 /* MapKit.framework */ = {isa = PBXFileReference; lastKnownFileType = wrapper.framework; name = MapKit.framework; path = System/Library/Frameworks/MapKit.framework; sourceTree = SDKROOT; };
		20AEAEE91CFFEEFC0055FDE2 /* MapViewController.swift */ = {isa = PBXFileReference; fileEncoding = 4; lastKnownFileType = sourcecode.swift; path = MapViewController.swift; sourceTree = "<group>"; };
		20ECC4161D001B4E002312FB /* Assets.xcassets */ = {isa = PBXFileReference; lastKnownFileType = folder.assetcatalog; name = Assets.xcassets; path = ../../../Assets.xcassets; sourceTree = "<group>"; };
		303542804B0C2DB0C87FF9F8 /* Pods-GetRectUITests.release.xcconfig */ = {isa = PBXFileReference; includeInIndex = 1; lastKnownFileType = text.xcconfig; name = "Pods-GetRectUITests.release.xcconfig"; path = "Pods/Target Support Files/Pods-GetRectUITests/Pods-GetRectUITests.release.xcconfig"; sourceTree = "<group>"; };
		35D65DB19C85236A5513C8BB /* Pods-GetRectTests.debug.xcconfig */ = {isa = PBXFileReference; includeInIndex = 1; lastKnownFileType = text.xcconfig; name = "Pods-GetRectTests.debug.xcconfig"; path = "Pods/Target Support Files/Pods-GetRectTests/Pods-GetRectTests.debug.xcconfig"; sourceTree = "<group>"; };
		492698DFFEDF09BEE5BACD29 /* Pods-GetRectUITests.debug.xcconfig */ = {isa = PBXFileReference; includeInIndex = 1; lastKnownFileType = text.xcconfig; name = "Pods-GetRectUITests.debug.xcconfig"; path = "Pods/Target Support Files/Pods-GetRectUITests/Pods-GetRectUITests.debug.xcconfig"; sourceTree = "<group>"; };
		6882B7665E869A7F96D21278 /* Pods_GetRectUITests.framework */ = {isa = PBXFileReference; explicitFileType = wrapper.framework; includeInIndex = 0; path = Pods_GetRectUITests.framework; sourceTree = BUILT_PRODUCTS_DIR; };
		76239B3F1692BC8008DA02C5 /* Pods-GetRectTests.release.xcconfig */ = {isa = PBXFileReference; includeInIndex = 1; lastKnownFileType = text.xcconfig; name = "Pods-GetRectTests.release.xcconfig"; path = "Pods/Target Support Files/Pods-GetRectTests/Pods-GetRectTests.release.xcconfig"; sourceTree = "<group>"; };
		949CEB91BE431943BE252EAC /* Pods_GetRectTests.framework */ = {isa = PBXFileReference; explicitFileType = wrapper.framework; includeInIndex = 0; path = Pods_GetRectTests.framework; sourceTree = BUILT_PRODUCTS_DIR; };
		9D5DFDE01CE5655800972699 /* GetRect.app */ = {isa = PBXFileReference; explicitFileType = wrapper.application; includeInIndex = 0; path = GetRect.app; sourceTree = BUILT_PRODUCTS_DIR; };
		9D5DFDE31CE5655800972699 /* AppDelegate.swift */ = {isa = PBXFileReference; lastKnownFileType = sourcecode.swift; path = AppDelegate.swift; sourceTree = "<group>"; };
		9D5DFDE81CE5655800972699 /* Base */ = {isa = PBXFileReference; lastKnownFileType = file.storyboard; name = Base; path = Base.lproj/Main.storyboard; sourceTree = "<group>"; };
		9D5DFDED1CE5655800972699 /* Base */ = {isa = PBXFileReference; lastKnownFileType = file.storyboard; name = Base; path = Base.lproj/LaunchScreen.storyboard; sourceTree = "<group>"; };
		9D5DFDEF1CE5655800972699 /* Info.plist */ = {isa = PBXFileReference; lastKnownFileType = text.plist.xml; path = Info.plist; sourceTree = "<group>"; };
		9D5DFDF41CE5655800972699 /* GetRectTests.xctest */ = {isa = PBXFileReference; explicitFileType = wrapper.cfbundle; includeInIndex = 0; path = GetRectTests.xctest; sourceTree = BUILT_PRODUCTS_DIR; };
		9D5DFDF81CE5655800972699 /* GetRectTests.swift */ = {isa = PBXFileReference; lastKnownFileType = sourcecode.swift; path = GetRectTests.swift; sourceTree = "<group>"; };
		9D5DFDFA1CE5655800972699 /* Info.plist */ = {isa = PBXFileReference; lastKnownFileType = text.plist.xml; path = Info.plist; sourceTree = "<group>"; };
		9D5DFDFF1CE5655800972699 /* GetRectUITests.xctest */ = {isa = PBXFileReference; explicitFileType = wrapper.cfbundle; includeInIndex = 0; path = GetRectUITests.xctest; sourceTree = BUILT_PRODUCTS_DIR; };
		9D5DFE031CE5655800972699 /* GetRectUITests.swift */ = {isa = PBXFileReference; lastKnownFileType = sourcecode.swift; path = GetRectUITests.swift; sourceTree = "<group>"; };
		9D5DFE051CE5655800972699 /* Info.plist */ = {isa = PBXFileReference; lastKnownFileType = text.plist.xml; path = Info.plist; sourceTree = "<group>"; };
		9D5DFE191CE5692800972699 /* AVFoundation.framework */ = {isa = PBXFileReference; lastKnownFileType = wrapper.framework; name = AVFoundation.framework; path = System/Library/Frameworks/AVFoundation.framework; sourceTree = SDKROOT; };
		E2FFFF631CFFB34200F02E15 /* Assets.xcassets */ = {isa = PBXFileReference; lastKnownFileType = folder.assetcatalog; name = Assets.xcassets; path = ../../../../Assets.xcassets; sourceTree = "<group>"; };
		E2FFFF871D00321900F02E15 /* MessageComposer.swift */ = {isa = PBXFileReference; fileEncoding = 4; lastKnownFileType = sourcecode.swift; path = MessageComposer.swift; sourceTree = "<group>"; };
		F77E4E334911EBC85D3BFF40 /* Pods-GetRect.release.xcconfig */ = {isa = PBXFileReference; includeInIndex = 1; lastKnownFileType = text.xcconfig; name = "Pods-GetRect.release.xcconfig"; path = "Pods/Target Support Files/Pods-GetRect/Pods-GetRect.release.xcconfig"; sourceTree = "<group>"; };
/* End PBXFileReference section */

/* Begin PBXFrameworksBuildPhase section */
		9D5DFDDD1CE5655800972699 /* Frameworks */ = {
			isa = PBXFrameworksBuildPhase;
			buildActionMask = 2147483647;
			files = (
				01E394F91CFFEF7500B81964 /* CoreLocation.framework in Frameworks */,
				9D5DFE1A1CE5692800972699 /* AVFoundation.framework in Frameworks */,
				209D61FE1CEF961600FDF372 /* Spotify.framework in Frameworks */,
				43AAB4E57C3D698748E96A0F /* Pods_GetRect.framework in Frameworks */,
			);
			runOnlyForDeploymentPostprocessing = 0;
		};
		9D5DFDF11CE5655800972699 /* Frameworks */ = {
			isa = PBXFrameworksBuildPhase;
			buildActionMask = 2147483647;
			files = (
				0382EFA7A81C9D7200CDB05F /* Pods_GetRectTests.framework in Frameworks */,
			);
			runOnlyForDeploymentPostprocessing = 0;
		};
		9D5DFDFC1CE5655800972699 /* Frameworks */ = {
			isa = PBXFrameworksBuildPhase;
			buildActionMask = 2147483647;
			files = (
				ECCAE690E638014C6CCC04A2 /* Pods_GetRectUITests.framework in Frameworks */,
			);
			runOnlyForDeploymentPostprocessing = 0;
		};
/* End PBXFrameworksBuildPhase section */

/* Begin PBXGroup section */
		05946B99A09778A6842CB99D /* Pods */ = {
			isa = PBXGroup;
			children = (
				1F108B2567A2F1A0DDCE1A44 /* Pods-GetRect.debug.xcconfig */,
				F77E4E334911EBC85D3BFF40 /* Pods-GetRect.release.xcconfig */,
				35D65DB19C85236A5513C8BB /* Pods-GetRectTests.debug.xcconfig */,
				76239B3F1692BC8008DA02C5 /* Pods-GetRectTests.release.xcconfig */,
				492698DFFEDF09BEE5BACD29 /* Pods-GetRectUITests.debug.xcconfig */,
				303542804B0C2DB0C87FF9F8 /* Pods-GetRectUITests.release.xcconfig */,
			);
			name = Pods;
			sourceTree = "<group>";
		};
		201030941CF2E5AB00E25635 /* Views */ = {
			isa = PBXGroup;
			children = (
				20A75D761CF79C43004FC557 /* PostTableCell.swift */,
				201030951CF2E5F400E25635 /* FeedTableCell.swift */,
				205450EF1CF8FBDD003AF561 /* ResultsTableViewController.swift */,
			);
			name = Views;
			sourceTree = "<group>";
		};
		209D62171CEFB95500FDF372 /* Controllers */ = {
			isa = PBXGroup;
			children = (
				205451301CFD9292003AF561 /* TabBarViewController.swift */,
				2010303B1CF1A8BF00E25635 /* FeedViewController.swift */,
				2010303C1CF1A8BF00E25635 /* PostViewController.swift */,
				2010303D1CF1A8BF00E25635 /* SettingsViewController.swift */,
				2010303E1CF1A8BF00E25635 /* ViewController.swift */,
				20AEAEE91CFFEEFC0055FDE2 /* MapViewController.swift */,
				01E394F41CFFEF2C00B81964 /* DB.swift */,
			);
			name = Controllers;
			sourceTree = "<group>";
		};
		209D62181CEFB97200FDF372 /* Storyboards */ = {
			isa = PBXGroup;
			children = (
				9D5DFDE71CE5655800972699 /* Main.storyboard */,
				9D5DFDEC1CE5655800972699 /* LaunchScreen.storyboard */,
			);
			name = Storyboards;
			sourceTree = "<group>";
		};
		20A75D7A1CF79E7D004FC557 /* Models */ = {
			isa = PBXGroup;
			children = (
				E2FFFF871D00321900F02E15 /* MessageComposer.swift */,
				20A75D781CF79E78004FC557 /* SpotifyAPIHandler.swift */,
			);
			name = Models;
			sourceTree = "<group>";
		};
		9D5DFDD71CE5655800972699 = {
			isa = PBXGroup;
			children = (
				9D5DFE191CE5692800972699 /* AVFoundation.framework */,
				9D5DFDE21CE5655800972699 /* GetRect */,
				9D5DFDF71CE5655800972699 /* GetRectTests */,
				9D5DFE021CE5655800972699 /* GetRectUITests */,
				9D5DFDE11CE5655800972699 /* Products */,
				05946B99A09778A6842CB99D /* Pods */,
				FECFEFC18CCC43E524E42D6A /* Frameworks */,
			);
			sourceTree = "<group>";
		};
		9D5DFDE11CE5655800972699 /* Products */ = {
			isa = PBXGroup;
			children = (
				9D5DFDE01CE5655800972699 /* GetRect.app */,
				9D5DFDF41CE5655800972699 /* GetRectTests.xctest */,
				9D5DFDFF1CE5655800972699 /* GetRectUITests.xctest */,
			);
			name = Products;
			sourceTree = "<group>";
		};
		9D5DFDE21CE5655800972699 /* GetRect */ = {
			isa = PBXGroup;
			children = (
				20ECC4161D001B4E002312FB /* Assets.xcassets */,
				20A75D7A1CF79E7D004FC557 /* Models */,
				201030941CF2E5AB00E25635 /* Views */,
				209D62181CEFB97200FDF372 /* Storyboards */,
				209D62171CEFB95500FDF372 /* Controllers */,
				209D61FD1CEF961600FDF372 /* Spotify.framework */,
				9D5DFDE31CE5655800972699 /* AppDelegate.swift */,
				01E394F01CFFEF0600B81964 /* GoogleService-Info.plist */,
				9D5DFDEF1CE5655800972699 /* Info.plist */,
				206E84B01CEF7AD600F6260D /* GetRect-Bridging-Header.h */,
			);
			path = GetRect;
			sourceTree = "<group>";
		};
		9D5DFDF71CE5655800972699 /* GetRectTests */ = {
			isa = PBXGroup;
			children = (
				9D5DFDF81CE5655800972699 /* GetRectTests.swift */,
				9D5DFDFA1CE5655800972699 /* Info.plist */,
			);
			path = GetRectTests;
			sourceTree = "<group>";
		};
		9D5DFE021CE5655800972699 /* GetRectUITests */ = {
			isa = PBXGroup;
			children = (
				9D5DFE031CE5655800972699 /* GetRectUITests.swift */,
				9D5DFE051CE5655800972699 /* Info.plist */,
			);
			path = GetRectUITests;
			sourceTree = "<group>";
		};
		FECFEFC18CCC43E524E42D6A /* Frameworks */ = {
			isa = PBXGroup;
			children = (
				20AEAEE51CFFEE230055FDE2 /* MapKit.framework */,
				01E394F81CFFEF7500B81964 /* CoreLocation.framework */,
				1550F9B89BCB1FC28FD79408 /* Pods_GetRect.framework */,
				949CEB91BE431943BE252EAC /* Pods_GetRectTests.framework */,
				6882B7665E869A7F96D21278 /* Pods_GetRectUITests.framework */,
			);
			name = Frameworks;
			sourceTree = "<group>";
		};
/* End PBXGroup section */

/* Begin PBXNativeTarget section */
		9D5DFDDF1CE5655800972699 /* GetRect */ = {
			isa = PBXNativeTarget;
			buildConfigurationList = 9D5DFE081CE5655800972699 /* Build configuration list for PBXNativeTarget "GetRect" */;
			buildPhases = (
				A31604CA8B116F21A6A88DB1 /* 📦 Check Pods Manifest.lock */,
				9D5DFDDC1CE5655800972699 /* Sources */,
				9D5DFDDD1CE5655800972699 /* Frameworks */,
				9D5DFDDE1CE5655800972699 /* Resources */,
				66836EE92B6176FF0317FEF4 /* 📦 Embed Pods Frameworks */,
				3ED94C89F06F086E992346A3 /* 📦 Copy Pods Resources */,
			);
			buildRules = (
			);
			dependencies = (
			);
			name = GetRect;
			productName = GetRect;
			productReference = 9D5DFDE01CE5655800972699 /* GetRect.app */;
			productType = "com.apple.product-type.application";
		};
		9D5DFDF31CE5655800972699 /* GetRectTests */ = {
			isa = PBXNativeTarget;
			buildConfigurationList = 9D5DFE0B1CE5655800972699 /* Build configuration list for PBXNativeTarget "GetRectTests" */;
			buildPhases = (
				3E0524B6AA20C1DFAE07C5AB /* 📦 Check Pods Manifest.lock */,
				9D5DFDF01CE5655800972699 /* Sources */,
				9D5DFDF11CE5655800972699 /* Frameworks */,
				9D5DFDF21CE5655800972699 /* Resources */,
				C0E5E319EC7250CE3B9A96CB /* 📦 Embed Pods Frameworks */,
				4FC438C5A6E92BE8E3536BA9 /* 📦 Copy Pods Resources */,
			);
			buildRules = (
			);
			dependencies = (
				9D5DFDF61CE5655800972699 /* PBXTargetDependency */,
			);
			name = GetRectTests;
			productName = GetRectTests;
			productReference = 9D5DFDF41CE5655800972699 /* GetRectTests.xctest */;
			productType = "com.apple.product-type.bundle.unit-test";
		};
		9D5DFDFE1CE5655800972699 /* GetRectUITests */ = {
			isa = PBXNativeTarget;
			buildConfigurationList = 9D5DFE0E1CE5655800972699 /* Build configuration list for PBXNativeTarget "GetRectUITests" */;
			buildPhases = (
				05B02A60A223B4DF58494513 /* 📦 Check Pods Manifest.lock */,
				9D5DFDFB1CE5655800972699 /* Sources */,
				9D5DFDFC1CE5655800972699 /* Frameworks */,
				9D5DFDFD1CE5655800972699 /* Resources */,
				424F263098EB0B1F39E145AB /* 📦 Copy Pods Resources */,
			);
			buildRules = (
			);
			dependencies = (
				9D5DFE011CE5655800972699 /* PBXTargetDependency */,
			);
			name = GetRectUITests;
			productName = GetRectUITests;
			productReference = 9D5DFDFF1CE5655800972699 /* GetRectUITests.xctest */;
			productType = "com.apple.product-type.bundle.ui-testing";
		};
/* End PBXNativeTarget section */

/* Begin PBXProject section */
		9D5DFDD81CE5655800972699 /* Project object */ = {
			isa = PBXProject;
			attributes = {
				LastSwiftUpdateCheck = 0730;
				LastUpgradeCheck = 0730;
				ORGANIZATIONNAME = iGuest;
				TargetAttributes = {
					9D5DFDDF1CE5655800972699 = {
						CreatedOnToolsVersion = 7.3;
						DevelopmentTeam = S4A2CDSF6D;
					};
					9D5DFDF31CE5655800972699 = {
						CreatedOnToolsVersion = 7.3;
						TestTargetID = 9D5DFDDF1CE5655800972699;
					};
					9D5DFDFE1CE5655800972699 = {
						CreatedOnToolsVersion = 7.3;
						TestTargetID = 9D5DFDDF1CE5655800972699;
					};
				};
			};
			buildConfigurationList = 9D5DFDDB1CE5655800972699 /* Build configuration list for PBXProject "GetRect" */;
			compatibilityVersion = "Xcode 3.2";
			developmentRegion = English;
			hasScannedForEncodings = 0;
			knownRegions = (
				en,
				Base,
			);
			mainGroup = 9D5DFDD71CE5655800972699;
			productRefGroup = 9D5DFDE11CE5655800972699 /* Products */;
			projectDirPath = "";
			projectRoot = "";
			targets = (
				9D5DFDDF1CE5655800972699 /* GetRect */,
				9D5DFDF31CE5655800972699 /* GetRectTests */,
				9D5DFDFE1CE5655800972699 /* GetRectUITests */,
			);
		};
/* End PBXProject section */

/* Begin PBXResourcesBuildPhase section */
		9D5DFDDE1CE5655800972699 /* Resources */ = {
			isa = PBXResourcesBuildPhase;
			buildActionMask = 2147483647;
			files = (
				9D5DFDEE1CE5655800972699 /* LaunchScreen.storyboard in Resources */,
				9D5DFDE91CE5655800972699 /* Main.storyboard in Resources */,
				20ECC4171D001B4E002312FB /* Assets.xcassets in Resources */,
				01E394F11CFFEF0600B81964 /* GoogleService-Info.plist in Resources */,
			);
			runOnlyForDeploymentPostprocessing = 0;
		};
		9D5DFDF21CE5655800972699 /* Resources */ = {
			isa = PBXResourcesBuildPhase;
			buildActionMask = 2147483647;
			files = (
				01E394F21CFFEF0600B81964 /* GoogleService-Info.plist in Resources */,
			);
			runOnlyForDeploymentPostprocessing = 0;
		};
		9D5DFDFD1CE5655800972699 /* Resources */ = {
			isa = PBXResourcesBuildPhase;
			buildActionMask = 2147483647;
			files = (
				01E394F31CFFEF0600B81964 /* GoogleService-Info.plist in Resources */,
			);
			runOnlyForDeploymentPostprocessing = 0;
		};
/* End PBXResourcesBuildPhase section */

/* Begin PBXShellScriptBuildPhase section */
		05B02A60A223B4DF58494513 /* 📦 Check Pods Manifest.lock */ = {
			isa = PBXShellScriptBuildPhase;
			buildActionMask = 2147483647;
			files = (
			);
			inputPaths = (
			);
			name = "📦 Check Pods Manifest.lock";
			outputPaths = (
			);
			runOnlyForDeploymentPostprocessing = 0;
			shellPath = /bin/sh;
			shellScript = "diff \"${PODS_ROOT}/../Podfile.lock\" \"${PODS_ROOT}/Manifest.lock\" > /dev/null\nif [[ $? != 0 ]] ; then\n    cat << EOM\nerror: The sandbox is not in sync with the Podfile.lock. Run 'pod install' or update your CocoaPods installation.\nEOM\n    exit 1\nfi\n";
			showEnvVarsInLog = 0;
		};
		3E0524B6AA20C1DFAE07C5AB /* 📦 Check Pods Manifest.lock */ = {
			isa = PBXShellScriptBuildPhase;
			buildActionMask = 2147483647;
			files = (
			);
			inputPaths = (
			);
			name = "📦 Check Pods Manifest.lock";
			outputPaths = (
			);
			runOnlyForDeploymentPostprocessing = 0;
			shellPath = /bin/sh;
			shellScript = "diff \"${PODS_ROOT}/../Podfile.lock\" \"${PODS_ROOT}/Manifest.lock\" > /dev/null\nif [[ $? != 0 ]] ; then\n    cat << EOM\nerror: The sandbox is not in sync with the Podfile.lock. Run 'pod install' or update your CocoaPods installation.\nEOM\n    exit 1\nfi\n";
			showEnvVarsInLog = 0;
		};
		3ED94C89F06F086E992346A3 /* 📦 Copy Pods Resources */ = {
			isa = PBXShellScriptBuildPhase;
			buildActionMask = 2147483647;
			files = (
			);
			inputPaths = (
			);
			name = "📦 Copy Pods Resources";
			outputPaths = (
			);
			runOnlyForDeploymentPostprocessing = 0;
			shellPath = /bin/sh;
			shellScript = "\"${SRCROOT}/Pods/Target Support Files/Pods-GetRect/Pods-GetRect-resources.sh\"\n";
			showEnvVarsInLog = 0;
		};
		424F263098EB0B1F39E145AB /* 📦 Copy Pods Resources */ = {
			isa = PBXShellScriptBuildPhase;
			buildActionMask = 2147483647;
			files = (
			);
			inputPaths = (
			);
			name = "📦 Copy Pods Resources";
			outputPaths = (
			);
			runOnlyForDeploymentPostprocessing = 0;
			shellPath = /bin/sh;
			shellScript = "\"${SRCROOT}/Pods/Target Support Files/Pods-GetRectUITests/Pods-GetRectUITests-resources.sh\"\n";
			showEnvVarsInLog = 0;
		};
		4FC438C5A6E92BE8E3536BA9 /* 📦 Copy Pods Resources */ = {
			isa = PBXShellScriptBuildPhase;
			buildActionMask = 2147483647;
			files = (
			);
			inputPaths = (
			);
			name = "📦 Copy Pods Resources";
			outputPaths = (
			);
			runOnlyForDeploymentPostprocessing = 0;
			shellPath = /bin/sh;
			shellScript = "\"${SRCROOT}/Pods/Target Support Files/Pods-GetRectTests/Pods-GetRectTests-resources.sh\"\n";
			showEnvVarsInLog = 0;
		};
		66836EE92B6176FF0317FEF4 /* 📦 Embed Pods Frameworks */ = {
			isa = PBXShellScriptBuildPhase;
			buildActionMask = 2147483647;
			files = (
			);
			inputPaths = (
			);
			name = "📦 Embed Pods Frameworks";
			outputPaths = (
			);
			runOnlyForDeploymentPostprocessing = 0;
			shellPath = /bin/sh;
			shellScript = "\"${SRCROOT}/Pods/Target Support Files/Pods-GetRect/Pods-GetRect-frameworks.sh\"\n";
			showEnvVarsInLog = 0;
		};
		A31604CA8B116F21A6A88DB1 /* 📦 Check Pods Manifest.lock */ = {
			isa = PBXShellScriptBuildPhase;
			buildActionMask = 2147483647;
			files = (
			);
			inputPaths = (
			);
			name = "📦 Check Pods Manifest.lock";
			outputPaths = (
			);
			runOnlyForDeploymentPostprocessing = 0;
			shellPath = /bin/sh;
			shellScript = "diff \"${PODS_ROOT}/../Podfile.lock\" \"${PODS_ROOT}/Manifest.lock\" > /dev/null\nif [[ $? != 0 ]] ; then\n    cat << EOM\nerror: The sandbox is not in sync with the Podfile.lock. Run 'pod install' or update your CocoaPods installation.\nEOM\n    exit 1\nfi\n";
			showEnvVarsInLog = 0;
		};
		C0E5E319EC7250CE3B9A96CB /* 📦 Embed Pods Frameworks */ = {
			isa = PBXShellScriptBuildPhase;
			buildActionMask = 2147483647;
			files = (
			);
			inputPaths = (
			);
			name = "📦 Embed Pods Frameworks";
			outputPaths = (
			);
			runOnlyForDeploymentPostprocessing = 0;
			shellPath = /bin/sh;
			shellScript = "\"${SRCROOT}/Pods/Target Support Files/Pods-GetRectTests/Pods-GetRectTests-frameworks.sh\"\n";
			showEnvVarsInLog = 0;
		};
/* End PBXShellScriptBuildPhase section */

/* Begin PBXSourcesBuildPhase section */
		9D5DFDDC1CE5655800972699 /* Sources */ = {
			isa = PBXSourcesBuildPhase;
			buildActionMask = 2147483647;
			files = (
				20AEAEEA1CFFEEFC0055FDE2 /* MapViewController.swift in Sources */,
				201030421CF1A8BF00E25635 /* ViewController.swift in Sources */,
				01E394F51CFFEF2C00B81964 /* DB.swift in Sources */,
				201030961CF2E5F400E25635 /* FeedTableCell.swift in Sources */,
				201030401CF1A8BF00E25635 /* PostViewController.swift in Sources */,
				20A75D771CF79C43004FC557 /* PostTableCell.swift in Sources */,
				2010303F1CF1A8BF00E25635 /* FeedViewController.swift in Sources */,
				9D5DFDE41CE5655800972699 /* AppDelegate.swift in Sources */,
				205450F01CF8FBDD003AF561 /* ResultsTableViewController.swift in Sources */,
				20A75D791CF79E78004FC557 /* SpotifyAPIHandler.swift in Sources */,
				205451311CFD9292003AF561 /* TabBarViewController.swift in Sources */,
				201030411CF1A8BF00E25635 /* SettingsViewController.swift in Sources */,
				E2FFFF881D00321900F02E15 /* MessageComposer.swift in Sources */,
			);
			runOnlyForDeploymentPostprocessing = 0;
		};
		9D5DFDF01CE5655800972699 /* Sources */ = {
			isa = PBXSourcesBuildPhase;
			buildActionMask = 2147483647;
			files = (
				9D5DFDF91CE5655800972699 /* GetRectTests.swift in Sources */,
				01E394F61CFFEF2C00B81964 /* DB.swift in Sources */,
			);
			runOnlyForDeploymentPostprocessing = 0;
		};
		9D5DFDFB1CE5655800972699 /* Sources */ = {
			isa = PBXSourcesBuildPhase;
			buildActionMask = 2147483647;
			files = (
				9D5DFE041CE5655800972699 /* GetRectUITests.swift in Sources */,
				01E394F71CFFEF2C00B81964 /* DB.swift in Sources */,
			);
			runOnlyForDeploymentPostprocessing = 0;
		};
/* End PBXSourcesBuildPhase section */

/* Begin PBXTargetDependency section */
		9D5DFDF61CE5655800972699 /* PBXTargetDependency */ = {
			isa = PBXTargetDependency;
			target = 9D5DFDDF1CE5655800972699 /* GetRect */;
			targetProxy = 9D5DFDF51CE5655800972699 /* PBXContainerItemProxy */;
		};
		9D5DFE011CE5655800972699 /* PBXTargetDependency */ = {
			isa = PBXTargetDependency;
			target = 9D5DFDDF1CE5655800972699 /* GetRect */;
			targetProxy = 9D5DFE001CE5655800972699 /* PBXContainerItemProxy */;
		};
/* End PBXTargetDependency section */

/* Begin PBXVariantGroup section */
		9D5DFDE71CE5655800972699 /* Main.storyboard */ = {
			isa = PBXVariantGroup;
			children = (
				9D5DFDE81CE5655800972699 /* Base */,
			);
			name = Main.storyboard;
			sourceTree = "<group>";
		};
		9D5DFDEC1CE5655800972699 /* LaunchScreen.storyboard */ = {
			isa = PBXVariantGroup;
			children = (
				9D5DFDED1CE5655800972699 /* Base */,
			);
			name = LaunchScreen.storyboard;
			sourceTree = "<group>";
		};
/* End PBXVariantGroup section */

/* Begin XCBuildConfiguration section */
		9D5DFE061CE5655800972699 /* Debug */ = {
			isa = XCBuildConfiguration;
			buildSettings = {
				ALWAYS_SEARCH_USER_PATHS = NO;
				CLANG_ANALYZER_NONNULL = YES;
				CLANG_CXX_LANGUAGE_STANDARD = "gnu++0x";
				CLANG_CXX_LIBRARY = "libc++";
				CLANG_ENABLE_MODULES = YES;
				CLANG_ENABLE_OBJC_ARC = YES;
				CLANG_WARN_BOOL_CONVERSION = YES;
				CLANG_WARN_CONSTANT_CONVERSION = YES;
				CLANG_WARN_DIRECT_OBJC_ISA_USAGE = YES_ERROR;
				CLANG_WARN_EMPTY_BODY = YES;
				CLANG_WARN_ENUM_CONVERSION = YES;
				CLANG_WARN_INT_CONVERSION = YES;
				CLANG_WARN_OBJC_ROOT_CLASS = YES_ERROR;
				CLANG_WARN_UNREACHABLE_CODE = YES;
				CLANG_WARN__DUPLICATE_METHOD_MATCH = YES;
				"CODE_SIGN_IDENTITY[sdk=iphoneos*]" = "iPhone Developer";
				COPY_PHASE_STRIP = NO;
				DEBUG_INFORMATION_FORMAT = dwarf;
				ENABLE_STRICT_OBJC_MSGSEND = YES;
				ENABLE_TESTABILITY = YES;
				GCC_C_LANGUAGE_STANDARD = gnu99;
				GCC_DYNAMIC_NO_PIC = NO;
				GCC_NO_COMMON_BLOCKS = YES;
				GCC_OPTIMIZATION_LEVEL = 0;
				GCC_PREPROCESSOR_DEFINITIONS = (
					"DEBUG=1",
					"$(inherited)",
				);
				GCC_WARN_64_TO_32_BIT_CONVERSION = YES;
				GCC_WARN_ABOUT_RETURN_TYPE = YES_ERROR;
				GCC_WARN_UNDECLARED_SELECTOR = YES;
				GCC_WARN_UNINITIALIZED_AUTOS = YES_AGGRESSIVE;
				GCC_WARN_UNUSED_FUNCTION = YES;
				GCC_WARN_UNUSED_VARIABLE = YES;
				IPHONEOS_DEPLOYMENT_TARGET = 9.3;
				MTL_ENABLE_DEBUG_INFO = YES;
				ONLY_ACTIVE_ARCH = YES;
				OTHER_LDFLAGS = "-ObjC";
				SDKROOT = iphoneos;
				SWIFT_OPTIMIZATION_LEVEL = "-Onone";
			};
			name = Debug;
		};
		9D5DFE071CE5655800972699 /* Release */ = {
			isa = XCBuildConfiguration;
			buildSettings = {
				ALWAYS_SEARCH_USER_PATHS = NO;
				CLANG_ANALYZER_NONNULL = YES;
				CLANG_CXX_LANGUAGE_STANDARD = "gnu++0x";
				CLANG_CXX_LIBRARY = "libc++";
				CLANG_ENABLE_MODULES = YES;
				CLANG_ENABLE_OBJC_ARC = YES;
				CLANG_WARN_BOOL_CONVERSION = YES;
				CLANG_WARN_CONSTANT_CONVERSION = YES;
				CLANG_WARN_DIRECT_OBJC_ISA_USAGE = YES_ERROR;
				CLANG_WARN_EMPTY_BODY = YES;
				CLANG_WARN_ENUM_CONVERSION = YES;
				CLANG_WARN_INT_CONVERSION = YES;
				CLANG_WARN_OBJC_ROOT_CLASS = YES_ERROR;
				CLANG_WARN_UNREACHABLE_CODE = YES;
				CLANG_WARN__DUPLICATE_METHOD_MATCH = YES;
				"CODE_SIGN_IDENTITY[sdk=iphoneos*]" = "iPhone Developer";
				COPY_PHASE_STRIP = NO;
				DEBUG_INFORMATION_FORMAT = "dwarf-with-dsym";
				ENABLE_NS_ASSERTIONS = NO;
				ENABLE_STRICT_OBJC_MSGSEND = YES;
				GCC_C_LANGUAGE_STANDARD = gnu99;
				GCC_NO_COMMON_BLOCKS = YES;
				GCC_WARN_64_TO_32_BIT_CONVERSION = YES;
				GCC_WARN_ABOUT_RETURN_TYPE = YES_ERROR;
				GCC_WARN_UNDECLARED_SELECTOR = YES;
				GCC_WARN_UNINITIALIZED_AUTOS = YES_AGGRESSIVE;
				GCC_WARN_UNUSED_FUNCTION = YES;
				GCC_WARN_UNUSED_VARIABLE = YES;
				IPHONEOS_DEPLOYMENT_TARGET = 9.3;
				MTL_ENABLE_DEBUG_INFO = NO;
				OTHER_LDFLAGS = "-ObjC";
				SDKROOT = iphoneos;
				VALIDATE_PRODUCT = YES;
			};
			name = Release;
		};
		9D5DFE091CE5655800972699 /* Debug */ = {
			isa = XCBuildConfiguration;
			baseConfigurationReference = 1F108B2567A2F1A0DDCE1A44 /* Pods-GetRect.debug.xcconfig */;
			buildSettings = {
				ASSETCATALOG_COMPILER_APPICON_NAME = AppIcon;
				CLANG_ENABLE_MODULES = YES;
				CODE_SIGN_IDENTITY = "iPhone Developer";
				"CODE_SIGN_IDENTITY[sdk=iphoneos*]" = "iPhone Developer";
				DEFINES_MODULE = YES;
				FRAMEWORK_SEARCH_PATHS = (
					"$(inherited)",
					"$(PROJECT_DIR)/GetRect",
				);
				INFOPLIST_FILE = GetRect/Info.plist;
				LD_RUNPATH_SEARCH_PATHS = "$(inherited) @executable_path/Frameworks";
				OTHER_LDFLAGS = (
					"-ObjC",
					"$(inherited)",
				);
				PRODUCT_BUNDLE_IDENTIFIER = me.evanfrawley.GetRect;
				PRODUCT_NAME = "$(TARGET_NAME)";
				PROVISIONING_PROFILE = "";
				SWIFT_OBJC_BRIDGING_HEADER = "GetRect/GetRect-Bridging-Header.h";
				SWIFT_OPTIMIZATION_LEVEL = "-Onone";
			};
			name = Debug;
		};
		9D5DFE0A1CE5655800972699 /* Release */ = {
			isa = XCBuildConfiguration;
			baseConfigurationReference = F77E4E334911EBC85D3BFF40 /* Pods-GetRect.release.xcconfig */;
			buildSettings = {
				ASSETCATALOG_COMPILER_APPICON_NAME = AppIcon;
				CLANG_ENABLE_MODULES = YES;
				CODE_SIGN_IDENTITY = "iPhone Developer";
				"CODE_SIGN_IDENTITY[sdk=iphoneos*]" = "iPhone Developer";
				DEFINES_MODULE = YES;
				FRAMEWORK_SEARCH_PATHS = (
					"$(inherited)",
					"$(PROJECT_DIR)/GetRect",
				);
				INFOPLIST_FILE = GetRect/Info.plist;
				LD_RUNPATH_SEARCH_PATHS = "$(inherited) @executable_path/Frameworks";
				OTHER_LDFLAGS = (
					"-ObjC",
					"$(inherited)",
				);
				PRODUCT_BUNDLE_IDENTIFIER = me.evanfrawley.GetRect;
				PRODUCT_NAME = "$(TARGET_NAME)";
				PROVISIONING_PROFILE = "";
				SWIFT_OBJC_BRIDGING_HEADER = "GetRect/GetRect-Bridging-Header.h";
			};
			name = Release;
		};
		9D5DFE0C1CE5655800972699 /* Debug */ = {
			isa = XCBuildConfiguration;
			baseConfigurationReference = 35D65DB19C85236A5513C8BB /* Pods-GetRectTests.debug.xcconfig */;
			buildSettings = {
				BUNDLE_LOADER = "$(TEST_HOST)";
				INFOPLIST_FILE = GetRectTests/Info.plist;
				LD_RUNPATH_SEARCH_PATHS = "$(inherited) @executable_path/Frameworks @loader_path/Frameworks";
				PRODUCT_BUNDLE_IDENTIFIER = edu.uw.ischool.GetRectTests;
				PRODUCT_NAME = "$(TARGET_NAME)";
				TEST_HOST = "$(BUILT_PRODUCTS_DIR)/GetRect.app/GetRect";
			};
			name = Debug;
		};
		9D5DFE0D1CE5655800972699 /* Release */ = {
			isa = XCBuildConfiguration;
			baseConfigurationReference = 76239B3F1692BC8008DA02C5 /* Pods-GetRectTests.release.xcconfig */;
			buildSettings = {
				BUNDLE_LOADER = "$(TEST_HOST)";
				INFOPLIST_FILE = GetRectTests/Info.plist;
				LD_RUNPATH_SEARCH_PATHS = "$(inherited) @executable_path/Frameworks @loader_path/Frameworks";
				PRODUCT_BUNDLE_IDENTIFIER = edu.uw.ischool.GetRectTests;
				PRODUCT_NAME = "$(TARGET_NAME)";
				TEST_HOST = "$(BUILT_PRODUCTS_DIR)/GetRect.app/GetRect";
			};
			name = Release;
		};
		9D5DFE0F1CE5655800972699 /* Debug */ = {
			isa = XCBuildConfiguration;
			baseConfigurationReference = 492698DFFEDF09BEE5BACD29 /* Pods-GetRectUITests.debug.xcconfig */;
			buildSettings = {
				CLANG_ENABLE_MODULES = YES;
				INFOPLIST_FILE = GetRectUITests/Info.plist;
				LD_RUNPATH_SEARCH_PATHS = "$(inherited) @executable_path/Frameworks @loader_path/Frameworks";
				PRODUCT_BUNDLE_IDENTIFIER = edu.uw.ischool.GetRectUITests;
				PRODUCT_NAME = "$(TARGET_NAME)";
				SWIFT_OBJC_BRIDGING_HEADER = "GetRectUITests-Bridging-Header.h";
				SWIFT_OPTIMIZATION_LEVEL = "-Onone";
				TEST_TARGET_NAME = GetRect;
			};
			name = Debug;
		};
		9D5DFE101CE5655800972699 /* Release */ = {
			isa = XCBuildConfiguration;
			baseConfigurationReference = 303542804B0C2DB0C87FF9F8 /* Pods-GetRectUITests.release.xcconfig */;
			buildSettings = {
				CLANG_ENABLE_MODULES = YES;
				INFOPLIST_FILE = GetRectUITests/Info.plist;
				LD_RUNPATH_SEARCH_PATHS = "$(inherited) @executable_path/Frameworks @loader_path/Frameworks";
				PRODUCT_BUNDLE_IDENTIFIER = edu.uw.ischool.GetRectUITests;
				PRODUCT_NAME = "$(TARGET_NAME)";
				SWIFT_OBJC_BRIDGING_HEADER = "GetRectUITests-Bridging-Header.h";
				TEST_TARGET_NAME = GetRect;
			};
			name = Release;
		};
/* End XCBuildConfiguration section */

/* Begin XCConfigurationList section */
		9D5DFDDB1CE5655800972699 /* Build configuration list for PBXProject "GetRect" */ = {
			isa = XCConfigurationList;
			buildConfigurations = (
				9D5DFE061CE5655800972699 /* Debug */,
				9D5DFE071CE5655800972699 /* Release */,
			);
			defaultConfigurationIsVisible = 0;
			defaultConfigurationName = Release;
		};
		9D5DFE081CE5655800972699 /* Build configuration list for PBXNativeTarget "GetRect" */ = {
			isa = XCConfigurationList;
			buildConfigurations = (
				9D5DFE091CE5655800972699 /* Debug */,
				9D5DFE0A1CE5655800972699 /* Release */,
			);
			defaultConfigurationIsVisible = 0;
			defaultConfigurationName = Release;
		};
		9D5DFE0B1CE5655800972699 /* Build configuration list for PBXNativeTarget "GetRectTests" */ = {
			isa = XCConfigurationList;
			buildConfigurations = (
				9D5DFE0C1CE5655800972699 /* Debug */,
				9D5DFE0D1CE5655800972699 /* Release */,
			);
			defaultConfigurationIsVisible = 0;
			defaultConfigurationName = Release;
		};
		9D5DFE0E1CE5655800972699 /* Build configuration list for PBXNativeTarget "GetRectUITests" */ = {
			isa = XCConfigurationList;
			buildConfigurations = (
				9D5DFE0F1CE5655800972699 /* Debug */,
				9D5DFE101CE5655800972699 /* Release */,
			);
			defaultConfigurationIsVisible = 0;
			defaultConfigurationName = Release;
		};
/* End XCConfigurationList section */
	};
	rootObject = 9D5DFDD81CE5655800972699 /* Project object */;
}
