// !$*UTF8*$!
{
	archiveVersion = 1;
	classes = {
	};
	objectVersion = 46;
	objects = {

/* Begin PBXBuildFile section */
		01167F631CF14FD20005BAA2 /* FirebaseAnalytics.framework in Frameworks */ = {isa = PBXBuildFile; fileRef = 01167F5B1CF14FD20005BAA2 /* FirebaseAnalytics.framework */; };
		01167F641CF14FD20005BAA2 /* FirebaseAnalytics.framework in Frameworks */ = {isa = PBXBuildFile; fileRef = 01167F5B1CF14FD20005BAA2 /* FirebaseAnalytics.framework */; };
		01167F651CF14FD20005BAA2 /* FirebaseAnalytics.framework in Frameworks */ = {isa = PBXBuildFile; fileRef = 01167F5B1CF14FD20005BAA2 /* FirebaseAnalytics.framework */; };
		01167F661CF14FD20005BAA2 /* FirebaseInstanceID.framework in Frameworks */ = {isa = PBXBuildFile; fileRef = 01167F5C1CF14FD20005BAA2 /* FirebaseInstanceID.framework */; };
		01167F671CF14FD20005BAA2 /* FirebaseInstanceID.framework in Frameworks */ = {isa = PBXBuildFile; fileRef = 01167F5C1CF14FD20005BAA2 /* FirebaseInstanceID.framework */; };
		01167F681CF14FD20005BAA2 /* FirebaseInstanceID.framework in Frameworks */ = {isa = PBXBuildFile; fileRef = 01167F5C1CF14FD20005BAA2 /* FirebaseInstanceID.framework */; };
		01167F691CF14FD20005BAA2 /* GoogleInterchangeUtilities.framework in Frameworks */ = {isa = PBXBuildFile; fileRef = 01167F5D1CF14FD20005BAA2 /* GoogleInterchangeUtilities.framework */; };
		01167F6A1CF14FD20005BAA2 /* GoogleInterchangeUtilities.framework in Frameworks */ = {isa = PBXBuildFile; fileRef = 01167F5D1CF14FD20005BAA2 /* GoogleInterchangeUtilities.framework */; };
		01167F6B1CF14FD20005BAA2 /* GoogleInterchangeUtilities.framework in Frameworks */ = {isa = PBXBuildFile; fileRef = 01167F5D1CF14FD20005BAA2 /* GoogleInterchangeUtilities.framework */; };
		01167F6C1CF14FD20005BAA2 /* GoogleSymbolUtilities.framework in Frameworks */ = {isa = PBXBuildFile; fileRef = 01167F5E1CF14FD20005BAA2 /* GoogleSymbolUtilities.framework */; };
		01167F6D1CF14FD20005BAA2 /* GoogleSymbolUtilities.framework in Frameworks */ = {isa = PBXBuildFile; fileRef = 01167F5E1CF14FD20005BAA2 /* GoogleSymbolUtilities.framework */; };
		01167F6E1CF14FD20005BAA2 /* GoogleSymbolUtilities.framework in Frameworks */ = {isa = PBXBuildFile; fileRef = 01167F5E1CF14FD20005BAA2 /* GoogleSymbolUtilities.framework */; };
		01167F6F1CF14FD20005BAA2 /* GoogleUtilities.framework in Frameworks */ = {isa = PBXBuildFile; fileRef = 01167F5F1CF14FD20005BAA2 /* GoogleUtilities.framework */; };
		01167F701CF14FD20005BAA2 /* GoogleUtilities.framework in Frameworks */ = {isa = PBXBuildFile; fileRef = 01167F5F1CF14FD20005BAA2 /* GoogleUtilities.framework */; };
		01167F711CF14FD20005BAA2 /* GoogleUtilities.framework in Frameworks */ = {isa = PBXBuildFile; fileRef = 01167F5F1CF14FD20005BAA2 /* GoogleUtilities.framework */; };
		01167F721CF14FD20005BAA2 /* FirebaseDatabase.framework in Frameworks */ = {isa = PBXBuildFile; fileRef = 01167F601CF14FD20005BAA2 /* FirebaseDatabase.framework */; };
		01167F731CF14FD20005BAA2 /* FirebaseDatabase.framework in Frameworks */ = {isa = PBXBuildFile; fileRef = 01167F601CF14FD20005BAA2 /* FirebaseDatabase.framework */; };
		01167F741CF14FD20005BAA2 /* FirebaseDatabase.framework in Frameworks */ = {isa = PBXBuildFile; fileRef = 01167F601CF14FD20005BAA2 /* FirebaseDatabase.framework */; };
		01167F751CF14FD20005BAA2 /* FirebaseAuth.framework in Frameworks */ = {isa = PBXBuildFile; fileRef = 01167F611CF14FD20005BAA2 /* FirebaseAuth.framework */; };
		01167F761CF14FD20005BAA2 /* FirebaseAuth.framework in Frameworks */ = {isa = PBXBuildFile; fileRef = 01167F611CF14FD20005BAA2 /* FirebaseAuth.framework */; };
		01167F771CF14FD20005BAA2 /* FirebaseAuth.framework in Frameworks */ = {isa = PBXBuildFile; fileRef = 01167F611CF14FD20005BAA2 /* FirebaseAuth.framework */; };
		01167F781CF14FD20005BAA2 /* GoogleNetworkingUtilities.framework in Frameworks */ = {isa = PBXBuildFile; fileRef = 01167F621CF14FD20005BAA2 /* GoogleNetworkingUtilities.framework */; };
		01167F791CF14FD20005BAA2 /* GoogleNetworkingUtilities.framework in Frameworks */ = {isa = PBXBuildFile; fileRef = 01167F621CF14FD20005BAA2 /* GoogleNetworkingUtilities.framework */; };
		01167F7A1CF14FD20005BAA2 /* GoogleNetworkingUtilities.framework in Frameworks */ = {isa = PBXBuildFile; fileRef = 01167F621CF14FD20005BAA2 /* GoogleNetworkingUtilities.framework */; };
		01167F831CF151600005BAA2 /* libicucore.tbd in Frameworks */ = {isa = PBXBuildFile; fileRef = 01167F821CF151600005BAA2 /* libicucore.tbd */; };
		01167F851CF152310005BAA2 /* GoogleService-Info.plist in Resources */ = {isa = PBXBuildFile; fileRef = 01167F841CF152310005BAA2 /* GoogleService-Info.plist */; };
		01167F861CF152310005BAA2 /* GoogleService-Info.plist in Resources */ = {isa = PBXBuildFile; fileRef = 01167F841CF152310005BAA2 /* GoogleService-Info.plist */; };
		01167F871CF152310005BAA2 /* GoogleService-Info.plist in Resources */ = {isa = PBXBuildFile; fileRef = 01167F841CF152310005BAA2 /* GoogleService-Info.plist */; };
		01BC59291CF14488004EA069 /* ViewController.swift in Sources */ = {isa = PBXBuildFile; fileRef = 01BC59251CF14488004EA069 /* ViewController.swift */; };
		01BC592A1CF14488004EA069 /* FeedViewController.swift in Sources */ = {isa = PBXBuildFile; fileRef = 01BC59261CF14488004EA069 /* FeedViewController.swift */; };
		01BC592B1CF14488004EA069 /* PostViewController.swift in Sources */ = {isa = PBXBuildFile; fileRef = 01BC59271CF14488004EA069 /* PostViewController.swift */; };
		01BC592C1CF14488004EA069 /* SettingsViewController.swift in Sources */ = {isa = PBXBuildFile; fileRef = 01BC59281CF14488004EA069 /* SettingsViewController.swift */; };
		01BC59501CF14709004EA069 /* DBTestViewController.swift in Sources */ = {isa = PBXBuildFile; fileRef = 01BC594F1CF14709004EA069 /* DBTestViewController.swift */; };
		209D61FE1CEF961600FDF372 /* Spotify.framework in Frameworks */ = {isa = PBXBuildFile; fileRef = 209D61FD1CEF961600FDF372 /* Spotify.framework */; };
		9D5DFDE41CE5655800972699 /* AppDelegate.swift in Sources */ = {isa = PBXBuildFile; fileRef = 9D5DFDE31CE5655800972699 /* AppDelegate.swift */; };
		9D5DFDE91CE5655800972699 /* Main.storyboard in Resources */ = {isa = PBXBuildFile; fileRef = 9D5DFDE71CE5655800972699 /* Main.storyboard */; };
		9D5DFDEB1CE5655800972699 /* Assets.xcassets in Resources */ = {isa = PBXBuildFile; fileRef = 9D5DFDEA1CE5655800972699 /* Assets.xcassets */; };
		9D5DFDEE1CE5655800972699 /* LaunchScreen.storyboard in Resources */ = {isa = PBXBuildFile; fileRef = 9D5DFDEC1CE5655800972699 /* LaunchScreen.storyboard */; };
		9D5DFDF91CE5655800972699 /* GetRectTests.swift in Sources */ = {isa = PBXBuildFile; fileRef = 9D5DFDF81CE5655800972699 /* GetRectTests.swift */; };
		9D5DFE041CE5655800972699 /* GetRectUITests.swift in Sources */ = {isa = PBXBuildFile; fileRef = 9D5DFE031CE5655800972699 /* GetRectUITests.swift */; };
		9D5DFE1A1CE5692800972699 /* AVFoundation.framework in Frameworks */ = {isa = PBXBuildFile; fileRef = 9D5DFE191CE5692800972699 /* AVFoundation.framework */; };
/* End PBXBuildFile section */

/* Begin PBXContainerItemProxy section */
		9D5DFDF51CE5655800972699 /* PBXContainerItemProxy */ = {
			isa = PBXContainerItemProxy;
			containerPortal = 9D5DFDD81CE5655800972699 /* Project object */;
			proxyType = 1;
			remoteGlobalIDString = 9D5DFDDF1CE5655800972699;
			remoteInfo = GetRect;
		};
		9D5DFE001CE5655800972699 /* PBXContainerItemProxy */ = {
			isa = PBXContainerItemProxy;
			containerPortal = 9D5DFDD81CE5655800972699 /* Project object */;
			proxyType = 1;
			remoteGlobalIDString = 9D5DFDDF1CE5655800972699;
			remoteInfo = GetRect;
		};
/* End PBXContainerItemProxy section */

/* Begin PBXFileReference section */
		01167F5B1CF14FD20005BAA2 /* FirebaseAnalytics.framework */ = {isa = PBXFileReference; lastKnownFileType = wrapper.framework; path = FirebaseAnalytics.framework; sourceTree = "<group>"; };
		01167F5C1CF14FD20005BAA2 /* FirebaseInstanceID.framework */ = {isa = PBXFileReference; lastKnownFileType = wrapper.framework; path = FirebaseInstanceID.framework; sourceTree = "<group>"; };
		01167F5D1CF14FD20005BAA2 /* GoogleInterchangeUtilities.framework */ = {isa = PBXFileReference; lastKnownFileType = wrapper.framework; path = GoogleInterchangeUtilities.framework; sourceTree = "<group>"; };
		01167F5E1CF14FD20005BAA2 /* GoogleSymbolUtilities.framework */ = {isa = PBXFileReference; lastKnownFileType = wrapper.framework; path = GoogleSymbolUtilities.framework; sourceTree = "<group>"; };
		01167F5F1CF14FD20005BAA2 /* GoogleUtilities.framework */ = {isa = PBXFileReference; lastKnownFileType = wrapper.framework; path = GoogleUtilities.framework; sourceTree = "<group>"; };
		01167F601CF14FD20005BAA2 /* FirebaseDatabase.framework */ = {isa = PBXFileReference; lastKnownFileType = wrapper.framework; path = FirebaseDatabase.framework; sourceTree = "<group>"; };
		01167F611CF14FD20005BAA2 /* FirebaseAuth.framework */ = {isa = PBXFileReference; lastKnownFileType = wrapper.framework; path = FirebaseAuth.framework; sourceTree = "<group>"; };
		01167F621CF14FD20005BAA2 /* GoogleNetworkingUtilities.framework */ = {isa = PBXFileReference; lastKnownFileType = wrapper.framework; path = GoogleNetworkingUtilities.framework; sourceTree = "<group>"; };
		01167F7B1CF14FF10005BAA2 /* module.modulemap */ = {isa = PBXFileReference; fileEncoding = 4; lastKnownFileType = "sourcecode.module-map"; path = module.modulemap; sourceTree = "<group>"; };
		01167F811CF150D30005BAA2 /* Firebase.h */ = {isa = PBXFileReference; fileEncoding = 4; lastKnownFileType = sourcecode.c.h; path = Firebase.h; sourceTree = "<group>"; };
		01167F821CF151600005BAA2 /* libicucore.tbd */ = {isa = PBXFileReference; lastKnownFileType = "sourcecode.text-based-dylib-definition"; name = libicucore.tbd; path = usr/lib/libicucore.tbd; sourceTree = SDKROOT; };
		01167F841CF152310005BAA2 /* GoogleService-Info.plist */ = {isa = PBXFileReference; fileEncoding = 4; lastKnownFileType = text.plist.xml; path = "GoogleService-Info.plist"; sourceTree = "<group>"; };
		01BC59251CF14488004EA069 /* ViewController.swift */ = {isa = PBXFileReference; fileEncoding = 4; lastKnownFileType = sourcecode.swift; path = ViewController.swift; sourceTree = "<group>"; };
		01BC59261CF14488004EA069 /* FeedViewController.swift */ = {isa = PBXFileReference; fileEncoding = 4; lastKnownFileType = sourcecode.swift; path = FeedViewController.swift; sourceTree = "<group>"; };
		01BC59271CF14488004EA069 /* PostViewController.swift */ = {isa = PBXFileReference; fileEncoding = 4; lastKnownFileType = sourcecode.swift; path = PostViewController.swift; sourceTree = "<group>"; };
		01BC59281CF14488004EA069 /* SettingsViewController.swift */ = {isa = PBXFileReference; fileEncoding = 4; lastKnownFileType = sourcecode.swift; path = SettingsViewController.swift; sourceTree = "<group>"; };
		01BC594F1CF14709004EA069 /* DBTestViewController.swift */ = {isa = PBXFileReference; fileEncoding = 4; lastKnownFileType = sourcecode.swift; path = DBTestViewController.swift; sourceTree = "<group>"; };
		206E84B01CEF7AD600F6260D /* GetRect-Bridging-Header.h */ = {isa = PBXFileReference; lastKnownFileType = sourcecode.c.h; path = "GetRect-Bridging-Header.h"; sourceTree = "<group>"; };
		209D61FD1CEF961600FDF372 /* Spotify.framework */ = {isa = PBXFileReference; lastKnownFileType = wrapper.framework; path = Spotify.framework; sourceTree = "<group>"; };
		9D5DFDE01CE5655800972699 /* GetRect.app */ = {isa = PBXFileReference; explicitFileType = wrapper.application; includeInIndex = 0; path = GetRect.app; sourceTree = BUILT_PRODUCTS_DIR; };
		9D5DFDE31CE5655800972699 /* AppDelegate.swift */ = {isa = PBXFileReference; lastKnownFileType = sourcecode.swift; path = AppDelegate.swift; sourceTree = "<group>"; };
		9D5DFDE81CE5655800972699 /* Base */ = {isa = PBXFileReference; lastKnownFileType = file.storyboard; name = Base; path = Base.lproj/Main.storyboard; sourceTree = "<group>"; };
		9D5DFDEA1CE5655800972699 /* Assets.xcassets */ = {isa = PBXFileReference; lastKnownFileType = folder.assetcatalog; path = Assets.xcassets; sourceTree = "<group>"; };
		9D5DFDED1CE5655800972699 /* Base */ = {isa = PBXFileReference; lastKnownFileType = file.storyboard; name = Base; path = Base.lproj/LaunchScreen.storyboard; sourceTree = "<group>"; };
		9D5DFDEF1CE5655800972699 /* Info.plist */ = {isa = PBXFileReference; lastKnownFileType = text.plist.xml; path = Info.plist; sourceTree = "<group>"; };
		9D5DFDF41CE5655800972699 /* GetRectTests.xctest */ = {isa = PBXFileReference; explicitFileType = wrapper.cfbundle; includeInIndex = 0; path = GetRectTests.xctest; sourceTree = BUILT_PRODUCTS_DIR; };
		9D5DFDF81CE5655800972699 /* GetRectTests.swift */ = {isa = PBXFileReference; lastKnownFileType = sourcecode.swift; path = GetRectTests.swift; sourceTree = "<group>"; };
		9D5DFDFA1CE5655800972699 /* Info.plist */ = {isa = PBXFileReference; lastKnownFileType = text.plist.xml; path = Info.plist; sourceTree = "<group>"; };
		9D5DFDFF1CE5655800972699 /* GetRectUITests.xctest */ = {isa = PBXFileReference; explicitFileType = wrapper.cfbundle; includeInIndex = 0; path = GetRectUITests.xctest; sourceTree = BUILT_PRODUCTS_DIR; };
		9D5DFE031CE5655800972699 /* GetRectUITests.swift */ = {isa = PBXFileReference; lastKnownFileType = sourcecode.swift; path = GetRectUITests.swift; sourceTree = "<group>"; };
		9D5DFE051CE5655800972699 /* Info.plist */ = {isa = PBXFileReference; lastKnownFileType = text.plist.xml; path = Info.plist; sourceTree = "<group>"; };
		9D5DFE191CE5692800972699 /* AVFoundation.framework */ = {isa = PBXFileReference; lastKnownFileType = wrapper.framework; name = AVFoundation.framework; path = System/Library/Frameworks/AVFoundation.framework; sourceTree = SDKROOT; };
/* End PBXFileReference section */

/* Begin PBXFrameworksBuildPhase section */
		9D5DFDDD1CE5655800972699 /* Frameworks */ = {
			isa = PBXFrameworksBuildPhase;
			buildActionMask = 2147483647;
			files = (
				01167F831CF151600005BAA2 /* libicucore.tbd in Frameworks */,
				01167F781CF14FD20005BAA2 /* GoogleNetworkingUtilities.framework in Frameworks */,
				01167F751CF14FD20005BAA2 /* FirebaseAuth.framework in Frameworks */,
				01167F6C1CF14FD20005BAA2 /* GoogleSymbolUtilities.framework in Frameworks */,
				9D5DFE1A1CE5692800972699 /* AVFoundation.framework in Frameworks */,
				209D61FE1CEF961600FDF372 /* Spotify.framework in Frameworks */,
				01167F631CF14FD20005BAA2 /* FirebaseAnalytics.framework in Frameworks */,
				01167F721CF14FD20005BAA2 /* FirebaseDatabase.framework in Frameworks */,
				01167F661CF14FD20005BAA2 /* FirebaseInstanceID.framework in Frameworks */,
				01167F691CF14FD20005BAA2 /* GoogleInterchangeUtilities.framework in Frameworks */,
				01167F6F1CF14FD20005BAA2 /* GoogleUtilities.framework in Frameworks */,
			);
			runOnlyForDeploymentPostprocessing = 0;
		};
		9D5DFDF11CE5655800972699 /* Frameworks */ = {
			isa = PBXFrameworksBuildPhase;
			buildActionMask = 2147483647;
			files = (
				01167F791CF14FD20005BAA2 /* GoogleNetworkingUtilities.framework in Frameworks */,
				01167F731CF14FD20005BAA2 /* FirebaseDatabase.framework in Frameworks */,
				01167F761CF14FD20005BAA2 /* FirebaseAuth.framework in Frameworks */,
				01167F6A1CF14FD20005BAA2 /* GoogleInterchangeUtilities.framework in Frameworks */,
				01167F641CF14FD20005BAA2 /* FirebaseAnalytics.framework in Frameworks */,
				01167F6D1CF14FD20005BAA2 /* GoogleSymbolUtilities.framework in Frameworks */,
				01167F701CF14FD20005BAA2 /* GoogleUtilities.framework in Frameworks */,
				01167F671CF14FD20005BAA2 /* FirebaseInstanceID.framework in Frameworks */,
			);
			runOnlyForDeploymentPostprocessing = 0;
		};
		9D5DFDFC1CE5655800972699 /* Frameworks */ = {
			isa = PBXFrameworksBuildPhase;
			buildActionMask = 2147483647;
			files = (
				01167F7A1CF14FD20005BAA2 /* GoogleNetworkingUtilities.framework in Frameworks */,
				01167F741CF14FD20005BAA2 /* FirebaseDatabase.framework in Frameworks */,
				01167F771CF14FD20005BAA2 /* FirebaseAuth.framework in Frameworks */,
				01167F6B1CF14FD20005BAA2 /* GoogleInterchangeUtilities.framework in Frameworks */,
				01167F651CF14FD20005BAA2 /* FirebaseAnalytics.framework in Frameworks */,
				01167F6E1CF14FD20005BAA2 /* GoogleSymbolUtilities.framework in Frameworks */,
				01167F711CF14FD20005BAA2 /* GoogleUtilities.framework in Frameworks */,
				01167F681CF14FD20005BAA2 /* FirebaseInstanceID.framework in Frameworks */,
			);
			runOnlyForDeploymentPostprocessing = 0;
		};
/* End PBXFrameworksBuildPhase section */

/* Begin PBXGroup section */
		209D62171CEFB95500FDF372 /* Controllers */ = {
			isa = PBXGroup;
			children = (
				01BC59251CF14488004EA069 /* ViewController.swift */,
				01BC59261CF14488004EA069 /* FeedViewController.swift */,
				01BC59271CF14488004EA069 /* PostViewController.swift */,
				01BC59281CF14488004EA069 /* SettingsViewController.swift */,
				01BC594F1CF14709004EA069 /* DBTestViewController.swift */,
			);
			name = Controllers;
			sourceTree = "<group>";
		};
		209D62181CEFB97200FDF372 /* Storyboards */ = {
			isa = PBXGroup;
			children = (
				9D5DFDE71CE5655800972699 /* Main.storyboard */,
				9D5DFDEC1CE5655800972699 /* LaunchScreen.storyboard */,
			);
			name = Storyboards;
			sourceTree = "<group>";
		};
		9D5DFDD71CE5655800972699 = {
			isa = PBXGroup;
			children = (
				01167F821CF151600005BAA2 /* libicucore.tbd */,
				9D5DFE191CE5692800972699 /* AVFoundation.framework */,
				9D5DFDE21CE5655800972699 /* GetRect */,
				9D5DFDF71CE5655800972699 /* GetRectTests */,
				9D5DFE021CE5655800972699 /* GetRectUITests */,
				9D5DFDE11CE5655800972699 /* Products */,
			);
			sourceTree = "<group>";
		};
		9D5DFDE11CE5655800972699 /* Products */ = {
			isa = PBXGroup;
			children = (
				9D5DFDE01CE5655800972699 /* GetRect.app */,
				9D5DFDF41CE5655800972699 /* GetRectTests.xctest */,
				9D5DFDFF1CE5655800972699 /* GetRectUITests.xctest */,
			);
			name = Products;
			sourceTree = "<group>";
		};
		9D5DFDE21CE5655800972699 /* GetRect */ = {
			isa = PBXGroup;
			children = (
				01167F811CF150D30005BAA2 /* Firebase.h */,
				01167F7B1CF14FF10005BAA2 /* module.modulemap */,
				01167F5B1CF14FD20005BAA2 /* FirebaseAnalytics.framework */,
				01167F5C1CF14FD20005BAA2 /* FirebaseInstanceID.framework */,
				01167F5D1CF14FD20005BAA2 /* GoogleInterchangeUtilities.framework */,
				01167F5E1CF14FD20005BAA2 /* GoogleSymbolUtilities.framework */,
				01167F5F1CF14FD20005BAA2 /* GoogleUtilities.framework */,
				01167F601CF14FD20005BAA2 /* FirebaseDatabase.framework */,
				01167F611CF14FD20005BAA2 /* FirebaseAuth.framework */,
				01167F621CF14FD20005BAA2 /* GoogleNetworkingUtilities.framework */,
				209D62181CEFB97200FDF372 /* Storyboards */,
				209D62171CEFB95500FDF372 /* Controllers */,
				209D61FD1CEF961600FDF372 /* Spotify.framework */,
				9D5DFDE31CE5655800972699 /* AppDelegate.swift */,
				9D5DFDEA1CE5655800972699 /* Assets.xcassets */,
				01167F841CF152310005BAA2 /* GoogleService-Info.plist */,
				9D5DFDEF1CE5655800972699 /* Info.plist */,
				206E84B01CEF7AD600F6260D /* GetRect-Bridging-Header.h */,
			);
			path = GetRect;
			sourceTree = "<group>";
		};
		9D5DFDF71CE5655800972699 /* GetRectTests */ = {
			isa = PBXGroup;
			children = (
				9D5DFDF81CE5655800972699 /* GetRectTests.swift */,
				9D5DFDFA1CE5655800972699 /* Info.plist */,
			);
			path = GetRectTests;
			sourceTree = "<group>";
		};
		9D5DFE021CE5655800972699 /* GetRectUITests */ = {
			isa = PBXGroup;
			children = (
				9D5DFE031CE5655800972699 /* GetRectUITests.swift */,
				9D5DFE051CE5655800972699 /* Info.plist */,
			);
			path = GetRectUITests;
			sourceTree = "<group>";
		};
/* End PBXGroup section */

/* Begin PBXNativeTarget section */
		9D5DFDDF1CE5655800972699 /* GetRect */ = {
			isa = PBXNativeTarget;
			buildConfigurationList = 9D5DFE081CE5655800972699 /* Build configuration list for PBXNativeTarget "GetRect" */;
			buildPhases = (
				9D5DFDDC1CE5655800972699 /* Sources */,
				9D5DFDDD1CE5655800972699 /* Frameworks */,
				9D5DFDDE1CE5655800972699 /* Resources */,
			);
			buildRules = (
			);
			dependencies = (
			);
			name = GetRect;
			productName = GetRect;
			productReference = 9D5DFDE01CE5655800972699 /* GetRect.app */;
			productType = "com.apple.product-type.application";
		};
		9D5DFDF31CE5655800972699 /* GetRectTests */ = {
			isa = PBXNativeTarget;
			buildConfigurationList = 9D5DFE0B1CE5655800972699 /* Build configuration list for PBXNativeTarget "GetRectTests" */;
			buildPhases = (
				9D5DFDF01CE5655800972699 /* Sources */,
				9D5DFDF11CE5655800972699 /* Frameworks */,
				9D5DFDF21CE5655800972699 /* Resources */,
			);
			buildRules = (
			);
			dependencies = (
				9D5DFDF61CE5655800972699 /* PBXTargetDependency */,
			);
			name = GetRectTests;
			productName = GetRectTests;
			productReference = 9D5DFDF41CE5655800972699 /* GetRectTests.xctest */;
			productType = "com.apple.product-type.bundle.unit-test";
		};
		9D5DFDFE1CE5655800972699 /* GetRectUITests */ = {
			isa = PBXNativeTarget;
			buildConfigurationList = 9D5DFE0E1CE5655800972699 /* Build configuration list for PBXNativeTarget "GetRectUITests" */;
			buildPhases = (
				9D5DFDFB1CE5655800972699 /* Sources */,
				9D5DFDFC1CE5655800972699 /* Frameworks */,
				9D5DFDFD1CE5655800972699 /* Resources */,
			);
			buildRules = (
			);
			dependencies = (
				9D5DFE011CE5655800972699 /* PBXTargetDependency */,
			);
			name = GetRectUITests;
			productName = GetRectUITests;
			productReference = 9D5DFDFF1CE5655800972699 /* GetRectUITests.xctest */;
			productType = "com.apple.product-type.bundle.ui-testing";
		};
/* End PBXNativeTarget section */

/* Begin PBXProject section */
		9D5DFDD81CE5655800972699 /* Project object */ = {
			isa = PBXProject;
			attributes = {
				LastSwiftUpdateCheck = 0730;
				LastUpgradeCheck = 0730;
				ORGANIZATIONNAME = iGuest;
				TargetAttributes = {
					9D5DFDDF1CE5655800972699 = {
						CreatedOnToolsVersion = 7.3;
					};
					9D5DFDF31CE5655800972699 = {
						CreatedOnToolsVersion = 7.3;
						TestTargetID = 9D5DFDDF1CE5655800972699;
					};
					9D5DFDFE1CE5655800972699 = {
						CreatedOnToolsVersion = 7.3;
						TestTargetID = 9D5DFDDF1CE5655800972699;
					};
				};
			};
			buildConfigurationList = 9D5DFDDB1CE5655800972699 /* Build configuration list for PBXProject "GetRect" */;
			compatibilityVersion = "Xcode 3.2";
			developmentRegion = English;
			hasScannedForEncodings = 0;
			knownRegions = (
				en,
				Base,
			);
			mainGroup = 9D5DFDD71CE5655800972699;
			productRefGroup = 9D5DFDE11CE5655800972699 /* Products */;
			projectDirPath = "";
			projectRoot = "";
			targets = (
				9D5DFDDF1CE5655800972699 /* GetRect */,
				9D5DFDF31CE5655800972699 /* GetRectTests */,
				9D5DFDFE1CE5655800972699 /* GetRectUITests */,
			);
		};
/* End PBXProject section */

/* Begin PBXResourcesBuildPhase section */
		9D5DFDDE1CE5655800972699 /* Resources */ = {
			isa = PBXResourcesBuildPhase;
			buildActionMask = 2147483647;
			files = (
				9D5DFDEE1CE5655800972699 /* LaunchScreen.storyboard in Resources */,
				01167F851CF152310005BAA2 /* GoogleService-Info.plist in Resources */,
				9D5DFDEB1CE5655800972699 /* Assets.xcassets in Resources */,
				9D5DFDE91CE5655800972699 /* Main.storyboard in Resources */,
			);
			runOnlyForDeploymentPostprocessing = 0;
		};
		9D5DFDF21CE5655800972699 /* Resources */ = {
			isa = PBXResourcesBuildPhase;
			buildActionMask = 2147483647;
			files = (
				01167F861CF152310005BAA2 /* GoogleService-Info.plist in Resources */,
			);
			runOnlyForDeploymentPostprocessing = 0;
		};
		9D5DFDFD1CE5655800972699 /* Resources */ = {
			isa = PBXResourcesBuildPhase;
			buildActionMask = 2147483647;
			files = (
				01167F871CF152310005BAA2 /* GoogleService-Info.plist in Resources */,
			);
			runOnlyForDeploymentPostprocessing = 0;
		};
/* End PBXResourcesBuildPhase section */

/* Begin PBXSourcesBuildPhase section */
		9D5DFDDC1CE5655800972699 /* Sources */ = {
			isa = PBXSourcesBuildPhase;
			buildActionMask = 2147483647;
			files = (
				01BC592B1CF14488004EA069 /* PostViewController.swift in Sources */,
				01BC59291CF14488004EA069 /* ViewController.swift in Sources */,
				01BC59501CF14709004EA069 /* DBTestViewController.swift in Sources */,
				01BC592A1CF14488004EA069 /* FeedViewController.swift in Sources */,
				01BC592C1CF14488004EA069 /* SettingsViewController.swift in Sources */,
				9D5DFDE41CE5655800972699 /* AppDelegate.swift in Sources */,
			);
			runOnlyForDeploymentPostprocessing = 0;
		};
		9D5DFDF01CE5655800972699 /* Sources */ = {
			isa = PBXSourcesBuildPhase;
			buildActionMask = 2147483647;
			files = (
				9D5DFDF91CE5655800972699 /* GetRectTests.swift in Sources */,
			);
			runOnlyForDeploymentPostprocessing = 0;
		};
		9D5DFDFB1CE5655800972699 /* Sources */ = {
			isa = PBXSourcesBuildPhase;
			buildActionMask = 2147483647;
			files = (
				9D5DFE041CE5655800972699 /* GetRectUITests.swift in Sources */,
			);
			runOnlyForDeploymentPostprocessing = 0;
		};
/* End PBXSourcesBuildPhase section */

/* Begin PBXTargetDependency section */
		9D5DFDF61CE5655800972699 /* PBXTargetDependency */ = {
			isa = PBXTargetDependency;
			target = 9D5DFDDF1CE5655800972699 /* GetRect */;
			targetProxy = 9D5DFDF51CE5655800972699 /* PBXContainerItemProxy */;
		};
		9D5DFE011CE5655800972699 /* PBXTargetDependency */ = {
			isa = PBXTargetDependency;
			target = 9D5DFDDF1CE5655800972699 /* GetRect */;
			targetProxy = 9D5DFE001CE5655800972699 /* PBXContainerItemProxy */;
		};
/* End PBXTargetDependency section */

/* Begin PBXVariantGroup section */
		9D5DFDE71CE5655800972699 /* Main.storyboard */ = {
			isa = PBXVariantGroup;
			children = (
				9D5DFDE81CE5655800972699 /* Base */,
			);
			name = Main.storyboard;
			sourceTree = "<group>";
		};
		9D5DFDEC1CE5655800972699 /* LaunchScreen.storyboard */ = {
			isa = PBXVariantGroup;
			children = (
				9D5DFDED1CE5655800972699 /* Base */,
			);
			name = LaunchScreen.storyboard;
			sourceTree = "<group>";
		};
/* End PBXVariantGroup section */

/* Begin XCBuildConfiguration section */
		9D5DFE061CE5655800972699 /* Debug */ = {
			isa = XCBuildConfiguration;
			buildSettings = {
				ALWAYS_SEARCH_USER_PATHS = NO;
				CLANG_ANALYZER_NONNULL = YES;
				CLANG_CXX_LANGUAGE_STANDARD = "gnu++0x";
				CLANG_CXX_LIBRARY = "libc++";
				CLANG_ENABLE_MODULES = YES;
				CLANG_ENABLE_OBJC_ARC = YES;
				CLANG_WARN_BOOL_CONVERSION = YES;
				CLANG_WARN_CONSTANT_CONVERSION = YES;
				CLANG_WARN_DIRECT_OBJC_ISA_USAGE = YES_ERROR;
				CLANG_WARN_EMPTY_BODY = YES;
				CLANG_WARN_ENUM_CONVERSION = YES;
				CLANG_WARN_INT_CONVERSION = YES;
				CLANG_WARN_OBJC_ROOT_CLASS = YES_ERROR;
				CLANG_WARN_UNREACHABLE_CODE = YES;
				CLANG_WARN__DUPLICATE_METHOD_MATCH = YES;
				"CODE_SIGN_IDENTITY[sdk=iphoneos*]" = "iPhone Developer";
				COPY_PHASE_STRIP = NO;
				DEBUG_INFORMATION_FORMAT = dwarf;
				ENABLE_STRICT_OBJC_MSGSEND = YES;
				ENABLE_TESTABILITY = YES;
				GCC_C_LANGUAGE_STANDARD = gnu99;
				GCC_DYNAMIC_NO_PIC = NO;
				GCC_NO_COMMON_BLOCKS = YES;
				GCC_OPTIMIZATION_LEVEL = 0;
				GCC_PREPROCESSOR_DEFINITIONS = (
					"DEBUG=1",
					"$(inherited)",
				);
				GCC_WARN_64_TO_32_BIT_CONVERSION = YES;
				GCC_WARN_ABOUT_RETURN_TYPE = YES_ERROR;
				GCC_WARN_UNDECLARED_SELECTOR = YES;
				GCC_WARN_UNINITIALIZED_AUTOS = YES_AGGRESSIVE;
				GCC_WARN_UNUSED_FUNCTION = YES;
				GCC_WARN_UNUSED_VARIABLE = YES;
				IPHONEOS_DEPLOYMENT_TARGET = 9.3;
				MTL_ENABLE_DEBUG_INFO = YES;
				ONLY_ACTIVE_ARCH = YES;
				OTHER_LDFLAGS = "-ObjC";
				SDKROOT = iphoneos;
				SWIFT_OPTIMIZATION_LEVEL = "-Onone";
			};
			name = Debug;
		};
		9D5DFE071CE5655800972699 /* Release */ = {
			isa = XCBuildConfiguration;
			buildSettings = {
				ALWAYS_SEARCH_USER_PATHS = NO;
				CLANG_ANALYZER_NONNULL = YES;
				CLANG_CXX_LANGUAGE_STANDARD = "gnu++0x";
				CLANG_CXX_LIBRARY = "libc++";
				CLANG_ENABLE_MODULES = YES;
				CLANG_ENABLE_OBJC_ARC = YES;
				CLANG_WARN_BOOL_CONVERSION = YES;
				CLANG_WARN_CONSTANT_CONVERSION = YES;
				CLANG_WARN_DIRECT_OBJC_ISA_USAGE = YES_ERROR;
				CLANG_WARN_EMPTY_BODY = YES;
				CLANG_WARN_ENUM_CONVERSION = YES;
				CLANG_WARN_INT_CONVERSION = YES;
				CLANG_WARN_OBJC_ROOT_CLASS = YES_ERROR;
				CLANG_WARN_UNREACHABLE_CODE = YES;
				CLANG_WARN__DUPLICATE_METHOD_MATCH = YES;
				"CODE_SIGN_IDENTITY[sdk=iphoneos*]" = "iPhone Developer";
				COPY_PHASE_STRIP = NO;
				DEBUG_INFORMATION_FORMAT = "dwarf-with-dsym";
				ENABLE_NS_ASSERTIONS = NO;
				ENABLE_STRICT_OBJC_MSGSEND = YES;
				GCC_C_LANGUAGE_STANDARD = gnu99;
				GCC_NO_COMMON_BLOCKS = YES;
				GCC_WARN_64_TO_32_BIT_CONVERSION = YES;
				GCC_WARN_ABOUT_RETURN_TYPE = YES_ERROR;
				GCC_WARN_UNDECLARED_SELECTOR = YES;
				GCC_WARN_UNINITIALIZED_AUTOS = YES_AGGRESSIVE;
				GCC_WARN_UNUSED_FUNCTION = YES;
				GCC_WARN_UNUSED_VARIABLE = YES;
				IPHONEOS_DEPLOYMENT_TARGET = 9.3;
				MTL_ENABLE_DEBUG_INFO = NO;
				OTHER_LDFLAGS = "-ObjC";
				SDKROOT = iphoneos;
				VALIDATE_PRODUCT = YES;
			};
			name = Release;
		};
		9D5DFE091CE5655800972699 /* Debug */ = {
			isa = XCBuildConfiguration;
			buildSettings = {
				ASSETCATALOG_COMPILER_APPICON_NAME = AppIcon;
				CLANG_ENABLE_MODULES = YES;
				DEFINES_MODULE = YES;
				FRAMEWORK_SEARCH_PATHS = (
					"$(inherited)",
					"$(PROJECT_DIR)/GetRect",
				);
				INFOPLIST_FILE = GetRect/Info.plist;
				LD_RUNPATH_SEARCH_PATHS = "$(inherited) @executable_path/Frameworks";
				OTHER_LDFLAGS = "-ObjC";
				PRODUCT_BUNDLE_IDENTIFIER = edu.uw.ischool.GetRect;
				PRODUCT_NAME = "$(TARGET_NAME)";
				SWIFT_OBJC_BRIDGING_HEADER = "GetRect/GetRect-Bridging-Header.h";
				SWIFT_OPTIMIZATION_LEVEL = "-Onone";
			};
			name = Debug;
		};
		9D5DFE0A1CE5655800972699 /* Release */ = {
			isa = XCBuildConfiguration;
			buildSettings = {
				ASSETCATALOG_COMPILER_APPICON_NAME = AppIcon;
				CLANG_ENABLE_MODULES = YES;
				DEFINES_MODULE = YES;
				FRAMEWORK_SEARCH_PATHS = (
					"$(inherited)",
					"$(PROJECT_DIR)/GetRect",
				);
				INFOPLIST_FILE = GetRect/Info.plist;
				LD_RUNPATH_SEARCH_PATHS = "$(inherited) @executable_path/Frameworks";
				OTHER_LDFLAGS = "-ObjC";
				PRODUCT_BUNDLE_IDENTIFIER = edu.uw.ischool.GetRect;
				PRODUCT_NAME = "$(TARGET_NAME)";
				SWIFT_OBJC_BRIDGING_HEADER = "GetRect/GetRect-Bridging-Header.h";
			};
			name = Release;
		};
		9D5DFE0C1CE5655800972699 /* Debug */ = {
			isa = XCBuildConfiguration;
			buildSettings = {
				BUNDLE_LOADER = "$(TEST_HOST)";
				FRAMEWORK_SEARCH_PATHS = (
					"$(inherited)",
					"$(PROJECT_DIR)/GetRect",
				);
				INFOPLIST_FILE = GetRectTests/Info.plist;
				LD_RUNPATH_SEARCH_PATHS = "$(inherited) @executable_path/Frameworks @loader_path/Frameworks";
				PRODUCT_BUNDLE_IDENTIFIER = edu.uw.ischool.GetRectTests;
				PRODUCT_NAME = "$(TARGET_NAME)";
				TEST_HOST = "$(BUILT_PRODUCTS_DIR)/GetRect.app/GetRect";
			};
			name = Debug;
		};
		9D5DFE0D1CE5655800972699 /* Release */ = {
			isa = XCBuildConfiguration;
			buildSettings = {
				BUNDLE_LOADER = "$(TEST_HOST)";
				FRAMEWORK_SEARCH_PATHS = (
					"$(inherited)",
					"$(PROJECT_DIR)/GetRect",
				);
				INFOPLIST_FILE = GetRectTests/Info.plist;
				LD_RUNPATH_SEARCH_PATHS = "$(inherited) @executable_path/Frameworks @loader_path/Frameworks";
				PRODUCT_BUNDLE_IDENTIFIER = edu.uw.ischool.GetRectTests;
				PRODUCT_NAME = "$(TARGET_NAME)";
				TEST_HOST = "$(BUILT_PRODUCTS_DIR)/GetRect.app/GetRect";
			};
			name = Release;
		};
		9D5DFE0F1CE5655800972699 /* Debug */ = {
			isa = XCBuildConfiguration;
			buildSettings = {
				CLANG_ENABLE_MODULES = YES;
				FRAMEWORK_SEARCH_PATHS = (
					"$(inherited)",
					"$(PROJECT_DIR)/GetRect",
				);
				INFOPLIST_FILE = GetRectUITests/Info.plist;
				LD_RUNPATH_SEARCH_PATHS = "$(inherited) @executable_path/Frameworks @loader_path/Frameworks";
				PRODUCT_BUNDLE_IDENTIFIER = edu.uw.ischool.GetRectUITests;
				PRODUCT_NAME = "$(TARGET_NAME)";
				SWIFT_OBJC_BRIDGING_HEADER = "GetRectUITests-Bridging-Header.h";
				SWIFT_OPTIMIZATION_LEVEL = "-Onone";
				TEST_TARGET_NAME = GetRect;
			};
			name = Debug;
		};
		9D5DFE101CE5655800972699 /* Release */ = {
			isa = XCBuildConfiguration;
			buildSettings = {
				CLANG_ENABLE_MODULES = YES;
				FRAMEWORK_SEARCH_PATHS = (
					"$(inherited)",
					"$(PROJECT_DIR)/GetRect",
				);
				INFOPLIST_FILE = GetRectUITests/Info.plist;
				LD_RUNPATH_SEARCH_PATHS = "$(inherited) @executable_path/Frameworks @loader_path/Frameworks";
				PRODUCT_BUNDLE_IDENTIFIER = edu.uw.ischool.GetRectUITests;
				PRODUCT_NAME = "$(TARGET_NAME)";
				SWIFT_OBJC_BRIDGING_HEADER = "GetRectUITests-Bridging-Header.h";
				TEST_TARGET_NAME = GetRect;
			};
			name = Release;
		};
/* End XCBuildConfiguration section */

/* Begin XCConfigurationList section */
		9D5DFDDB1CE5655800972699 /* Build configuration list for PBXProject "GetRect" */ = {
			isa = XCConfigurationList;
			buildConfigurations = (
				9D5DFE061CE5655800972699 /* Debug */,
				9D5DFE071CE5655800972699 /* Release */,
			);
			defaultConfigurationIsVisible = 0;
			defaultConfigurationName = Release;
		};
		9D5DFE081CE5655800972699 /* Build configuration list for PBXNativeTarget "GetRect" */ = {
			isa = XCConfigurationList;
			buildConfigurations = (
				9D5DFE091CE5655800972699 /* Debug */,
				9D5DFE0A1CE5655800972699 /* Release */,
			);
			defaultConfigurationIsVisible = 0;
			defaultConfigurationName = Release;
		};
		9D5DFE0B1CE5655800972699 /* Build configuration list for PBXNativeTarget "GetRectTests" */ = {
			isa = XCConfigurationList;
			buildConfigurations = (
				9D5DFE0C1CE5655800972699 /* Debug */,
				9D5DFE0D1CE5655800972699 /* Release */,
			);
			defaultConfigurationIsVisible = 0;
			defaultConfigurationName = Release;
		};
		9D5DFE0E1CE5655800972699 /* Build configuration list for PBXNativeTarget "GetRectUITests" */ = {
			isa = XCConfigurationList;
			buildConfigurations = (
				9D5DFE0F1CE5655800972699 /* Debug */,
				9D5DFE101CE5655800972699 /* Release */,
			);
			defaultConfigurationIsVisible = 0;
			defaultConfigurationName = Release;
		};
/* End XCConfigurationList section */
	};
	rootObject = 9D5DFDD81CE5655800972699 /* Project object */;
}
